
Microsoft Visual Studio Solution File, Format Version 12.00
# Visual Studio Version 17
VisualStudioVersion = 17.0.32112.339
MinimumVisualStudioVersion = 10.0.40219.1
Project("{FAE04EC0-301F-11D3-BF4B-00C04F79EFBC}") = "kyrs", "kyrs\kyrs.csproj", "{0A129FC5-4F15-47B4-937B-E85FAFA3A28E}"
EndProject
Global
	GlobalSection(SolutionConfigurationPlatforms) = preSolution
		Debug|Any CPU = Debug|Any CPU
		Release|Any CPU = Release|Any CPU
	EndGlobalSection
	GlobalSection(ProjectConfigurationPlatforms) = postSolution
		{0A129FC5-4F15-47B4-937B-E85FAFA3A28E}.Debug|Any CPU.ActiveCfg = Debug|Any CPU
		{0A129FC5-4F15-47B4-937B-E85FAFA3A28E}.Debug|Any CPU.Build.0 = Debug|Any CPU
		{0A129FC5-4F15-47B4-937B-E85FAFA3A28E}.Release|Any CPU.ActiveCfg = Release|Any CPU
		{0A129FC5-4F15-47B4-937B-E85FAFA3A28E}.Release|Any CPU.Build.0 = Release|Any CPU
	EndGlobalSection
	GlobalSection(SolutionProperties) = preSolution
		HideSolutionNode = FALSE
	EndGlobalSection
	GlobalSection(ExtensibilityGlobals) = postSolution
		SolutionGuid = {CFA46A17-CB97-4DB9-91BB-256B2BCDCA70}
	EndGlobalSection
EndGlobal
